
Microsoft Visual Studio Solution File, Format Version 12.00
# Visual Studio Version 17
VisualStudioVersion = 17.4.33213.308
MinimumVisualStudioVersion = 10.0.40219.1
Project("{FAE04EC0-301F-11D3-BF4B-00C04F79EFBC}") = "ExaRad1.Android", "ExaRad1\ExaRad1.Android\ExaRad1.Android.csproj", "{B8731514-DD15-4881-92A3-C815917A3515}"
EndProject
Project("{FAE04EC0-301F-11D3-BF4B-00C04F79EFBC}") = "ExaRad1.iOS", "ExaRad1\ExaRad1.iOS\ExaRad1.iOS.csproj", "{05592522-7E7B-4100-870B-6B39FDADBCFD}"
EndProject
Project("{FAE04EC0-301F-11D3-BF4B-00C04F79EFBC}") = "ExaRad1", "ExaRad1\ExaRad1\ExaRad1.csproj", "{7CC76781-F50E-4A0F-9F25-12AB44B1AA40}"
EndProject
Global
	GlobalSection(SolutionConfigurationPlatforms) = preSolution
		Debug|Any CPU = Debug|Any CPU
		Debug|iPhone = Debug|iPhone
		Debug|iPhoneSimulator = Debug|iPhoneSimulator
		Release|Any CPU = Release|Any CPU
		Release|iPhone = Release|iPhone
		Release|iPhoneSimulator = Release|iPhoneSimulator
	EndGlobalSection
	GlobalSection(ProjectConfigurationPlatforms) = postSolution
		{B8731514-DD15-4881-92A3-C815917A3515}.Debug|Any CPU.ActiveCfg = Debug|Any CPU
		{B8731514-DD15-4881-92A3-C815917A3515}.Debug|Any CPU.Build.0 = Debug|Any CPU
		{B8731514-DD15-4881-92A3-C815917A3515}.Debug|Any CPU.Deploy.0 = Debug|Any CPU
		{B8731514-DD15-4881-92A3-C815917A3515}.Debug|iPhone.ActiveCfg = Debug|Any CPU
		{B8731514-DD15-4881-92A3-C815917A3515}.Debug|iPhone.Build.0 = Debug|Any CPU
		{B8731514-DD15-4881-92A3-C815917A3515}.Debug|iPhone.Deploy.0 = Debug|Any CPU
		{B8731514-DD15-4881-92A3-C815917A3515}.Debug|iPhoneSimulator.ActiveCfg = Debug|Any CPU
		{B8731514-DD15-4881-92A3-C815917A3515}.Debug|iPhoneSimulator.Build.0 = Debug|Any CPU
		{B8731514-DD15-4881-92A3-C815917A3515}.Debug|iPhoneSimulator.Deploy.0 = Debug|Any CPU
		{B8731514-DD15-4881-92A3-C815917A3515}.Release|Any CPU.ActiveCfg = Release|Any CPU
		{B8731514-DD15-4881-92A3-C815917A3515}.Release|Any CPU.Build.0 = Release|Any CPU
		{B8731514-DD15-4881-92A3-C815917A3515}.Release|Any CPU.Deploy.0 = Release|Any CPU
		{B8731514-DD15-4881-92A3-C815917A3515}.Release|iPhone.ActiveCfg = Release|Any CPU
		{B8731514-DD15-4881-92A3-C815917A3515}.Release|iPhone.Build.0 = Release|Any CPU
		{B8731514-DD15-4881-92A3-C815917A3515}.Release|iPhone.Deploy.0 = Release|Any CPU
		{B8731514-DD15-4881-92A3-C815917A3515}.Release|iPhoneSimulator.ActiveCfg = Release|Any CPU
		{B8731514-DD15-4881-92A3-C815917A3515}.Release|iPhoneSimulator.Build.0 = Release|Any CPU
		{B8731514-DD15-4881-92A3-C815917A3515}.Release|iPhoneSimulator.Deploy.0 = Release|Any CPU
		{05592522-7E7B-4100-870B-6B39FDADBCFD}.Debug|Any CPU.ActiveCfg = Debug|iPhone
		{05592522-7E7B-4100-870B-6B39FDADBCFD}.Debug|Any CPU.Build.0 = Debug|iPhone
		{05592522-7E7B-4100-870B-6B39FDADBCFD}.Debug|Any CPU.Deploy.0 = Debug|iPhone
		{05592522-7E7B-4100-870B-6B39FDADBCFD}.Debug|iPhone.ActiveCfg = Debug|iPhone
		{05592522-7E7B-4100-870B-6B39FDADBCFD}.Debug|iPhone.Build.0 = Debug|iPhone
		{05592522-7E7B-4100-870B-6B39FDADBCFD}.Debug|iPhone.Deploy.0 = Debug|iPhone
		{05592522-7E7B-4100-870B-6B39FDADBCFD}.Debug|iPhoneSimulator.ActiveCfg = Debug|iPhoneSimulator
		{05592522-7E7B-4100-870B-6B39FDADBCFD}.Debug|iPhoneSimulator.Build.0 = Debug|iPhoneSimulator
		{05592522-7E7B-4100-870B-6B39FDADBCFD}.Debug|iPhoneSimulator.Deploy.0 = Debug|iPhoneSimulator
		{05592522-7E7B-4100-870B-6B39FDADBCFD}.Release|Any CPU.ActiveCfg = Release|iPhoneSimulator
		{05592522-7E7B-4100-870B-6B39FDADBCFD}.Release|Any CPU.Build.0 = Release|iPhoneSimulator
		{05592522-7E7B-4100-870B-6B39FDADBCFD}.Release|Any CPU.Deploy.0 = Release|iPhoneSimulator
		{05592522-7E7B-4100-870B-6B39FDADBCFD}.Release|iPhone.ActiveCfg = Release|iPhone
		{05592522-7E7B-4100-870B-6B39FDADBCFD}.Release|iPhone.Build.0 = Release|iPhone
		{05592522-7E7B-4100-870B-6B39FDADBCFD}.Release|iPhone.Deploy.0 = Release|iPhone
		{05592522-7E7B-4100-870B-6B39FDADBCFD}.Release|iPhoneSimulator.ActiveCfg = Release|iPhoneSimulator
		{05592522-7E7B-4100-870B-6B39FDADBCFD}.Release|iPhoneSimulator.Build.0 = Release|iPhoneSimulator
		{05592522-7E7B-4100-870B-6B39FDADBCFD}.Release|iPhoneSimulator.Deploy.0 = Release|iPhoneSimulator
		{7CC76781-F50E-4A0F-9F25-12AB44B1AA40}.Debug|Any CPU.ActiveCfg = Debug|Any CPU
		{7CC76781-F50E-4A0F-9F25-12AB44B1AA40}.Debug|Any CPU.Build.0 = Debug|Any CPU
		{7CC76781-F50E-4A0F-9F25-12AB44B1AA40}.Debug|Any CPU.Deploy.0 = Debug|Any CPU
		{7CC76781-F50E-4A0F-9F25-12AB44B1AA40}.Debug|iPhone.ActiveCfg = Debug|Any CPU
		{7CC76781-F50E-4A0F-9F25-12AB44B1AA40}.Debug|iPhone.Build.0 = Debug|Any CPU
		{7CC76781-F50E-4A0F-9F25-12AB44B1AA40}.Debug|iPhone.Deploy.0 = Debug|Any CPU
		{7CC76781-F50E-4A0F-9F25-12AB44B1AA40}.Debug|iPhoneSimulator.ActiveCfg = Debug|Any CPU
		{7CC76781-F50E-4A0F-9F25-12AB44B1AA40}.Debug|iPhoneSimulator.Build.0 = Debug|Any CPU
		{7CC76781-F50E-4A0F-9F25-12AB44B1AA40}.Debug|iPhoneSimulator.Deploy.0 = Debug|Any CPU
		{7CC76781-F50E-4A0F-9F25-12AB44B1AA40}.Release|Any CPU.ActiveCfg = Release|Any CPU
		{7CC76781-F50E-4A0F-9F25-12AB44B1AA40}.Release|Any CPU.Build.0 = Release|Any CPU
		{7CC76781-F50E-4A0F-9F25-12AB44B1AA40}.Release|Any CPU.Deploy.0 = Release|Any CPU
		{7CC76781-F50E-4A0F-9F25-12AB44B1AA40}.Release|iPhone.ActiveCfg = Release|Any CPU
		{7CC76781-F50E-4A0F-9F25-12AB44B1AA40}.Release|iPhone.Build.0 = Release|Any CPU
		{7CC76781-F50E-4A0F-9F25-12AB44B1AA40}.Release|iPhone.Deploy.0 = Release|Any CPU
		{7CC76781-F50E-4A0F-9F25-12AB44B1AA40}.Release|iPhoneSimulator.ActiveCfg = Release|Any CPU
		{7CC76781-F50E-4A0F-9F25-12AB44B1AA40}.Release|iPhoneSimulator.Build.0 = Release|Any CPU
		{7CC76781-F50E-4A0F-9F25-12AB44B1AA40}.Release|iPhoneSimulator.Deploy.0 = Release|Any CPU
	EndGlobalSection
	GlobalSection(SolutionProperties) = preSolution
		HideSolutionNode = FALSE
	EndGlobalSection
	GlobalSection(ExtensibilityGlobals) = postSolution
		SolutionGuid = {5BA0BFF5-7124-45A2-A2D4-B0B3FBB0415A}
	EndGlobalSection
EndGlobal
